{
  "version": 4,
  "terraform_version": "0.12.16",
  "serial": 57,
  "lineage": "8fa7b562-027c-2448-b9c3-e4b254bf986a",
  "outputs": {
    "grafana_rds": {
      "value": "tf-20191129062305676900000002.cluster-cyaqbflret0b.us-east-1.rds.amazonaws.com",
      "type": "string"
    },
    "grafana_role": {
      "value": "arn:aws:iam::433223883348:role/Grafana",
      "type": "string"
    }
  },
  "resources": [
    {
      "mode": "data",
      "type": "aws_iam_policy_document",
      "name": "grafana_ecs_task_assume_role",
      "provider": "provider.aws",
      "instances": [
        {
          "schema_version": 0,
          "attributes": {
            "id": "1687914614",
            "json": "{\n  \"Version\": \"2012-10-17\",\n  \"Statement\": [\n    {\n      \"Sid\": \"AllowECSTasksToAssumeRole\",\n      \"Effect\": \"Allow\",\n      \"Action\": \"sts:AssumeRole\",\n      \"Principal\": {\n        \"Service\": \"ecs-tasks.amazonaws.com\"\n      }\n    }\n  ]\n}",
            "override_json": null,
            "policy_id": null,
            "source_json": null,
            "statement": [
              {
                "actions": [
                  "sts:AssumeRole"
                ],
                "condition": [],
                "effect": "Allow",
                "not_actions": [],
                "not_principals": [],
                "not_resources": [],
                "principals": [
                  {
                    "identifiers": [
                      "ecs-tasks.amazonaws.com"
                    ],
                    "type": "Service"
                  }
                ],
                "resources": [],
                "sid": "AllowECSTasksToAssumeRole"
              }
            ],
            "version": "2012-10-17"
          }
        }
      ]
    },
    {
      "mode": "data",
      "type": "aws_iam_policy_document",
      "name": "grafana_ecs_task_execution_assume_role",
      "provider": "provider.aws",
      "instances": [
        {
          "schema_version": 0,
          "attributes": {
            "id": "1687914614",
            "json": "{\n  \"Version\": \"2012-10-17\",\n  \"Statement\": [\n    {\n      \"Sid\": \"AllowECSTasksToAssumeRole\",\n      \"Effect\": \"Allow\",\n      \"Action\": \"sts:AssumeRole\",\n      \"Principal\": {\n        \"Service\": \"ecs-tasks.amazonaws.com\"\n      }\n    }\n  ]\n}",
            "override_json": null,
            "policy_id": null,
            "source_json": null,
            "statement": [
              {
                "actions": [
                  "sts:AssumeRole"
                ],
                "condition": [],
                "effect": "Allow",
                "not_actions": [],
                "not_principals": [],
                "not_resources": [],
                "principals": [
                  {
                    "identifiers": [
                      "ecs-tasks.amazonaws.com"
                    ],
                    "type": "Service"
                  }
                ],
                "resources": [],
                "sid": "AllowECSTasksToAssumeRole"
              }
            ],
            "version": "2012-10-17"
          }
        }
      ]
    },
    {
      "mode": "data",
      "type": "aws_iam_policy_document",
      "name": "grafana_ecs_task_execution_role",
      "provider": "provider.aws",
      "instances": [
        {
          "schema_version": 0,
          "attributes": {
            "id": "1587872404",
            "json": "{\n  \"Version\": \"2012-10-17\",\n  \"Statement\": [\n    {\n      \"Sid\": \"AllowECSToWriteLogsToCloudWatchLogs\",\n      \"Effect\": \"Allow\",\n      \"Action\": [\n        \"logs:PutLogEvents\",\n        \"logs:CreateLogStream\"\n      ],\n      \"Resource\": \"arn:aws:logs:us-east-1:433223883348:log-group:grafana:*\"\n    }\n  ]\n}",
            "override_json": null,
            "policy_id": null,
            "source_json": null,
            "statement": [
              {
                "actions": [
                  "logs:CreateLogStream",
                  "logs:PutLogEvents"
                ],
                "condition": [],
                "effect": "Allow",
                "not_actions": [],
                "not_principals": [],
                "not_resources": [],
                "principals": [],
                "resources": [
                  "arn:aws:logs:us-east-1:433223883348:log-group:grafana:*"
                ],
                "sid": "AllowECSToWriteLogsToCloudWatchLogs"
              }
            ],
            "version": "2012-10-17"
          }
        }
      ]
    },
    {
      "mode": "data",
      "type": "aws_iam_policy_document",
      "name": "grafana_ecs_task_role",
      "provider": "provider.aws",
      "instances": [
        {
          "schema_version": 0,
          "attributes": {
            "id": "326440992",
            "json": "{\n  \"Version\": \"2012-10-17\",\n  \"Statement\": [\n    {\n      \"Sid\": \"AllowServiceToAccessSecretsFromSSM\",\n      \"Effect\": \"Allow\",\n      \"Action\": \"ssm:GetParametersByPath\",\n      \"Resource\": \"arn:aws:ssm:us-east-1:433223883348:parameter/grafana/*\"\n    },\n    {\n      \"Sid\": \"AllowAccessToKMSForDecryptingSSMParameters\",\n      \"Effect\": \"Allow\",\n      \"Action\": \"kms:Decrypt\",\n      \"Resource\": \"arn:aws:kms:us-east-1:433223883348:alias/aws/ssm\"\n    },\n    {\n      \"Sid\": \"AllowAccessToAssumeGrafanaRole\",\n      \"Effect\": \"Allow\",\n      \"Action\": \"sts:AssumeRole\",\n      \"Resource\": \"arn:aws:iam::433223883348:role/Grafana\"\n    },\n    {\n      \"Sid\": \"DenyEverythingElse\",\n      \"Effect\": \"Deny\",\n      \"NotAction\": [\n        \"sts:AssumeRole\",\n        \"ssm:GetParametersByPath\",\n        \"kms:Decrypt\"\n      ],\n      \"Resource\": \"*\"\n    }\n  ]\n}",
            "override_json": null,
            "policy_id": null,
            "source_json": null,
            "statement": [
              {
                "actions": [
                  "ssm:GetParametersByPath"
                ],
                "condition": [],
                "effect": "Allow",
                "not_actions": [],
                "not_principals": [],
                "not_resources": [],
                "principals": [],
                "resources": [
                  "arn:aws:ssm:us-east-1:433223883348:parameter/grafana/*"
                ],
                "sid": "AllowServiceToAccessSecretsFromSSM"
              },
              {
                "actions": [
                  "kms:Decrypt"
                ],
                "condition": [],
                "effect": "Allow",
                "not_actions": [],
                "not_principals": [],
                "not_resources": [],
                "principals": [],
                "resources": [
                  "arn:aws:kms:us-east-1:433223883348:alias/aws/ssm"
                ],
                "sid": "AllowAccessToKMSForDecryptingSSMParameters"
              },
              {
                "actions": [
                  "sts:AssumeRole"
                ],
                "condition": [],
                "effect": "Allow",
                "not_actions": [],
                "not_principals": [],
                "not_resources": [],
                "principals": [],
                "resources": [
                  "arn:aws:iam::433223883348:role/Grafana"
                ],
                "sid": "AllowAccessToAssumeGrafanaRole"
              },
              {
                "actions": [],
                "condition": [],
                "effect": "Deny",
                "not_actions": [
                  "kms:Decrypt",
                  "ssm:GetParametersByPath",
                  "sts:AssumeRole"
                ],
                "not_principals": [],
                "not_resources": [],
                "principals": [],
                "resources": [
                  "*"
                ],
                "sid": "DenyEverythingElse"
              }
            ],
            "version": "2012-10-17"
          }
        }
      ]
    },
    {
      "mode": "data",
      "type": "aws_iam_policy_document",
      "name": "grafana_role",
      "provider": "provider.aws",
      "instances": [
        {
          "schema_version": 0,
          "attributes": {
            "id": "4042089005",
            "json": "{\n  \"Version\": \"2012-10-17\",\n  \"Statement\": [\n    {\n      \"Sid\": \"AllowReadingMetricsFromCloudWatch\",\n      \"Effect\": \"Allow\",\n      \"Action\": [\n        \"cloudwatch:ListMetrics\",\n        \"cloudwatch:GetMetricStatistics\"\n      ],\n      \"Resource\": \"*\"\n    },\n    {\n      \"Sid\": \"AllowReadingTagsFromEC2\",\n      \"Effect\": \"Allow\",\n      \"Action\": [\n        \"ec2:DescribeTags\",\n        \"ec2:DescribeInstances\"\n      ],\n      \"Resource\": \"*\"\n    }\n  ]\n}",
            "override_json": null,
            "policy_id": null,
            "source_json": null,
            "statement": [
              {
                "actions": [
                  "cloudwatch:GetMetricStatistics",
                  "cloudwatch:ListMetrics"
                ],
                "condition": [],
                "effect": "Allow",
                "not_actions": [],
                "not_principals": [],
                "not_resources": [],
                "principals": [],
                "resources": [
                  "*"
                ],
                "sid": "AllowReadingMetricsFromCloudWatch"
              },
              {
                "actions": [
                  "ec2:DescribeInstances",
                  "ec2:DescribeTags"
                ],
                "condition": [],
                "effect": "Allow",
                "not_actions": [],
                "not_principals": [],
                "not_resources": [],
                "principals": [],
                "resources": [
                  "*"
                ],
                "sid": "AllowReadingTagsFromEC2"
              }
            ],
            "version": "2012-10-17"
          }
        }
      ]
    },
    {
      "mode": "data",
      "type": "aws_iam_policy_document",
      "name": "grafana_role_assume_role_policy",
      "provider": "provider.aws",
      "instances": [
        {
          "schema_version": 0,
          "attributes": {
            "id": "2147995552",
            "json": "{\n  \"Version\": \"2012-10-17\",\n  \"Statement\": [\n    {\n      \"Sid\": \"AllowTrustedAccountsToAssumeTheRole\",\n      \"Effect\": \"Allow\",\n      \"Action\": \"sts:AssumeRole\",\n      \"Principal\": {\n        \"AWS\": \"arn:aws:iam::433223883348:root\"\n      }\n    }\n  ]\n}",
            "override_json": null,
            "policy_id": null,
            "source_json": null,
            "statement": [
              {
                "actions": [
                  "sts:AssumeRole"
                ],
                "condition": [],
                "effect": "Allow",
                "not_actions": [],
                "not_principals": [],
                "not_resources": [],
                "principals": [
                  {
                    "identifiers": [
                      "arn:aws:iam::433223883348:root"
                    ],
                    "type": "AWS"
                  }
                ],
                "resources": [],
                "sid": "AllowTrustedAccountsToAssumeTheRole"
              }
            ],
            "version": "2012-10-17"
          }
        }
      ]
    },
    {
      "mode": "data",
      "type": "aws_ssm_parameter",
      "name": "rds_master_password",
      "provider": "provider.aws",
      "instances": [
        {
          "schema_version": 0,
          "attributes": {
            "arn": "arn:aws:ssm:us-east-1:433223883348:parameter/grafana/GF_DATABASE_PASSWORD",
            "id": "/grafana/GF_DATABASE_PASSWORD",
            "name": "/grafana/GF_DATABASE_PASSWORD",
            "type": "SecureString",
            "value": "K8syl5JU85BR",
            "version": 1,
            "with_decryption": true
          }
        }
      ]
    },
    {
      "mode": "data",
      "type": "template_file",
      "name": "grafana",
      "provider": "provider.template",
      "instances": [
        {
          "schema_version": 0,
          "attributes": {
            "filename": null,
            "id": "c2a1fdc32866d3f3779bf32cfbfc4e9a9d40f474c9630d536266a444760d160b",
            "rendered": "[\n    {\n        \"image\": \"ulikabbq/grafana:0.1\",\n        \"name\": \"grafana\",\n        \"logConfiguration\": {\n            \"logDriver\": \"awslogs\",\n            \"options\": {\n                \"awslogs-group\": \"grafana\",\n                \"awslogs-region\": \"us-east-1\",\n                \"awslogs-stream-prefix\": \"grafana\"\n            }\n        },\n        \"essential\": true,\n        \"portMappings\": [\n            {\n                \"hostPort\": 3000,\n                \"containerPort\": 3000,\n                \"protocol\": \"tcp\"\n            }\n        ]\n    }\n]",
            "template": "[\n    {\n        \"image\": \"${image_url}\",\n        \"name\": \"grafana\",\n        \"logConfiguration\": {\n            \"logDriver\": \"awslogs\",\n            \"options\": {\n                \"awslogs-group\": \"${log_group_name}\",\n                \"awslogs-region\": \"${log_group_region}\",\n                \"awslogs-stream-prefix\": \"grafana\"\n            }\n        },\n        \"essential\": true,\n        \"portMappings\": [\n            {\n                \"hostPort\": 3000,\n                \"containerPort\": 3000,\n                \"protocol\": \"tcp\"\n            }\n        ]\n    }\n]",
            "vars": {
              "image_url": "ulikabbq/grafana:0.1",
              "log_group_name": "grafana",
              "log_group_region": "us-east-1"
            }
          }
        }
      ]
    },
    {
      "mode": "managed",
      "type": "aws_appautoscaling_policy",
      "name": "service_down",
      "provider": "provider.aws",
      "instances": [
        {
          "schema_version": 0,
          "attributes": {
            "adjustment_type": null,
            "alarms": null,
            "arn": "arn:aws:autoscaling:us-east-1:433223883348:scalingPolicy:2f77f18a-bb3e-49be-9ac8-f68ee0887646:resource/ecs/service/grafana/grafana:policyName/grafana-scale-down",
            "cooldown": null,
            "id": "grafana-scale-down",
            "metric_aggregation_type": null,
            "min_adjustment_magnitude": null,
            "name": "grafana-scale-down",
            "policy_type": "StepScaling",
            "resource_id": "service/grafana/grafana",
            "scalable_dimension": "ecs:service:DesiredCount",
            "service_namespace": "ecs",
            "step_adjustment": [],
            "step_scaling_policy_configuration": [
              {
                "adjustment_type": "ChangeInCapacity",
                "cooldown": 1500,
                "metric_aggregation_type": "Average",
                "min_adjustment_magnitude": 0,
                "step_adjustment": [
                  {
                    "metric_interval_lower_bound": "",
                    "metric_interval_upper_bound": "0",
                    "scaling_adjustment": -1
                  }
                ]
              }
            ],
            "target_tracking_scaling_policy_configuration": []
          },
          "private": "bnVsbA==",
          "dependencies": [
            "aws_appautoscaling_target.service_scale_target",
            "aws_ecs_cluster.grafana",
            "aws_ecs_service.grafana",
            "aws_ecs_task_definition.grafana",
            "aws_lb.grafana",
            "aws_lb_target_group.grafana",
            "aws_security_group.grafana_ecs"
          ]
        }
      ]
    },
    {
      "mode": "managed",
      "type": "aws_appautoscaling_policy",
      "name": "service_up",
      "provider": "provider.aws",
      "instances": [
        {
          "schema_version": 0,
          "attributes": {
            "adjustment_type": null,
            "alarms": null,
            "arn": "arn:aws:autoscaling:us-east-1:433223883348:scalingPolicy:2f77f18a-bb3e-49be-9ac8-f68ee0887646:resource/ecs/service/grafana/grafana:policyName/grafana-scale-up",
            "cooldown": null,
            "id": "grafana-scale-up",
            "metric_aggregation_type": null,
            "min_adjustment_magnitude": null,
            "name": "grafana-scale-up",
            "policy_type": "StepScaling",
            "resource_id": "service/grafana/grafana",
            "scalable_dimension": "ecs:service:DesiredCount",
            "service_namespace": "ecs",
            "step_adjustment": [],
            "step_scaling_policy_configuration": [
              {
                "adjustment_type": "ChangeInCapacity",
                "cooldown": 150,
                "metric_aggregation_type": "Average",
                "min_adjustment_magnitude": 0,
                "step_adjustment": [
                  {
                    "metric_interval_lower_bound": "0",
                    "metric_interval_upper_bound": "",
                    "scaling_adjustment": 2
                  }
                ]
              }
            ],
            "target_tracking_scaling_policy_configuration": []
          },
          "private": "bnVsbA==",
          "dependencies": [
            "aws_appautoscaling_target.service_scale_target",
            "aws_ecs_cluster.grafana",
            "aws_ecs_service.grafana",
            "aws_ecs_task_definition.grafana",
            "aws_lb.grafana",
            "aws_lb_target_group.grafana",
            "aws_security_group.grafana_ecs"
          ]
        }
      ]
    },
    {
      "mode": "managed",
      "type": "aws_appautoscaling_target",
      "name": "service_scale_target",
      "provider": "provider.aws",
      "instances": [
        {
          "schema_version": 0,
          "attributes": {
            "id": "service/grafana/grafana",
            "max_capacity": 4,
            "min_capacity": 1,
            "resource_id": "service/grafana/grafana",
            "role_arn": "arn:aws:iam::433223883348:role/aws-service-role/ecs.application-autoscaling.amazonaws.com/AWSServiceRoleForApplicationAutoScaling_ECSService",
            "scalable_dimension": "ecs:service:DesiredCount",
            "service_namespace": "ecs"
          },
          "private": "bnVsbA==",
          "dependencies": [
            "aws_ecs_cluster.grafana",
            "aws_ecs_service.grafana",
            "aws_ecs_task_definition.grafana",
            "aws_lb.grafana",
            "aws_lb_target_group.grafana",
            "aws_security_group.grafana_ecs"
          ]
        }
      ]
    },
    {
      "mode": "managed",
      "type": "aws_cloudwatch_log_group",
      "name": "grafana",
      "provider": "provider.aws",
      "instances": [
        {
          "schema_version": 0,
          "attributes": {
            "arn": "arn:aws:logs:us-east-1:433223883348:log-group:grafana:*",
            "id": "grafana",
            "kms_key_id": "",
            "name": "grafana",
            "name_prefix": null,
            "retention_in_days": 0,
            "tags": {}
          },
          "private": "bnVsbA=="
        }
      ]
    },
    {
      "mode": "managed",
      "type": "aws_cloudwatch_metric_alarm",
      "name": "grafana_service_high_cpu",
      "provider": "provider.aws",
      "instances": [
        {
          "schema_version": 1,
          "attributes": {
            "actions_enabled": true,
            "alarm_actions": [
              "arn:aws:autoscaling:us-east-1:433223883348:scalingPolicy:2f77f18a-bb3e-49be-9ac8-f68ee0887646:resource/ecs/service/grafana/grafana:policyName/grafana-scale-up"
            ],
            "alarm_description": "",
            "alarm_name": "grafana-CPU-Utilization-High-40",
            "arn": "arn:aws:cloudwatch:us-east-1:433223883348:alarm:grafana-CPU-Utilization-High-40",
            "comparison_operator": "GreaterThanOrEqualToThreshold",
            "datapoints_to_alarm": 0,
            "dimensions": {
              "ClusterName": "grafana",
              "ServiceName": "grafana"
            },
            "evaluate_low_sample_count_percentiles": "",
            "evaluation_periods": 1,
            "extended_statistic": "",
            "id": "grafana-CPU-Utilization-High-40",
            "insufficient_data_actions": [],
            "metric_name": "CPUUtilization",
            "metric_query": [],
            "namespace": "AWS/ECS",
            "ok_actions": [],
            "period": 60,
            "statistic": "Average",
            "tags": {},
            "threshold": 40,
            "threshold_metric_id": "",
            "treat_missing_data": "missing",
            "unit": ""
          },
          "private": "eyJzY2hlbWFfdmVyc2lvbiI6IjEifQ==",
          "dependencies": [
            "aws_appautoscaling_policy.service_up",
            "aws_appautoscaling_target.service_scale_target",
            "aws_ecs_cluster.grafana",
            "aws_ecs_service.grafana",
            "aws_ecs_task_definition.grafana",
            "aws_lb.grafana",
            "aws_lb_target_group.grafana",
            "aws_security_group.grafana_ecs"
          ]
        }
      ]
    },
    {
      "mode": "managed",
      "type": "aws_cloudwatch_metric_alarm",
      "name": "grafana_service_low_cpu",
      "provider": "provider.aws",
      "instances": [
        {
          "schema_version": 1,
          "attributes": {
            "actions_enabled": true,
            "alarm_actions": [
              "arn:aws:autoscaling:us-east-1:433223883348:scalingPolicy:2f77f18a-bb3e-49be-9ac8-f68ee0887646:resource/ecs/service/grafana/grafana:policyName/grafana-scale-down"
            ],
            "alarm_description": "",
            "alarm_name": "grafana-CPU-Utilization-Low-29",
            "arn": "arn:aws:cloudwatch:us-east-1:433223883348:alarm:grafana-CPU-Utilization-Low-29",
            "comparison_operator": "LessThanThreshold",
            "datapoints_to_alarm": 0,
            "dimensions": {
              "ClusterName": "grafana",
              "ServiceName": "grafana"
            },
            "evaluate_low_sample_count_percentiles": "",
            "evaluation_periods": 5,
            "extended_statistic": "",
            "id": "grafana-CPU-Utilization-Low-29",
            "insufficient_data_actions": [],
            "metric_name": "CPUUtilization",
            "metric_query": [],
            "namespace": "AWS/ECS",
            "ok_actions": [],
            "period": 60,
            "statistic": "Average",
            "tags": {},
            "threshold": 29,
            "threshold_metric_id": "",
            "treat_missing_data": "missing",
            "unit": ""
          },
          "private": "eyJzY2hlbWFfdmVyc2lvbiI6IjEifQ==",
          "dependencies": [
            "aws_appautoscaling_policy.service_down",
            "aws_appautoscaling_target.service_scale_target",
            "aws_ecs_cluster.grafana",
            "aws_ecs_service.grafana",
            "aws_ecs_task_definition.grafana",
            "aws_lb.grafana",
            "aws_lb_target_group.grafana",
            "aws_security_group.grafana_ecs"
          ]
        }
      ]
    },
    {
      "mode": "managed",
      "type": "aws_db_subnet_group",
      "name": "grafana",
      "provider": "provider.aws",
      "instances": [
        {
          "schema_version": 0,
          "attributes": {
            "arn": "arn:aws:rds:us-east-1:433223883348:subgrp:grafana-aurora56",
            "description": "Subnets to launch RDS database into",
            "id": "grafana-aurora56",
            "name": "grafana-aurora56",
            "name_prefix": null,
            "subnet_ids": [
              "subnet-32089345",
              "subnet-6ef25245"
            ],
            "tags": {
              "Description": "Subnets to use for RDS databases",
              "ManagedBy": "Terraform",
              "Name": "grafana-aurora56-subnet-group"
            }
          },
          "private": "bnVsbA=="
        }
      ]
    },
    {
      "mode": "managed",
      "type": "aws_ecr_repository",
      "name": "grafana",
      "provider": "provider.aws",
      "instances": [
        {
          "schema_version": 0,
          "attributes": {
            "arn": "arn:aws:ecr:us-east-1:433223883348:repository/grafana",
            "id": "grafana",
            "image_scanning_configuration": [
              {
                "scan_on_push": false
              }
            ],
            "image_tag_mutability": "MUTABLE",
            "name": "grafana",
            "registry_id": "433223883348",
            "repository_url": "433223883348.dkr.ecr.us-east-1.amazonaws.com/grafana",
            "tags": {},
            "timeouts": null
          },
          "private": "eyJlMmJmYjczMC1lY2FhLTExZTYtOGY4OC0zNDM2M2JjN2M0YzAiOnsiZGVsZXRlIjoxMjAwMDAwMDAwMDAwfX0="
        }
      ]
    },
    {
      "mode": "managed",
      "type": "aws_ecs_cluster",
      "name": "grafana",
      "provider": "provider.aws",
      "instances": [
        {
          "schema_version": 0,
          "attributes": {
            "arn": "arn:aws:ecs:us-east-1:433223883348:cluster/grafana",
            "id": "arn:aws:ecs:us-east-1:433223883348:cluster/grafana",
            "name": "grafana",
            "setting": [
              {
                "name": "containerInsights",
                "value": "disabled"
              }
            ],
            "tags": {}
          },
          "private": "bnVsbA=="
        }
      ]
    },
    {
      "mode": "managed",
      "type": "aws_ecs_service",
      "name": "grafana",
      "provider": "provider.aws",
      "instances": [
        {
          "schema_version": 0,
          "attributes": {
            "cluster": "grafana",
            "deployment_controller": [
              {
                "type": "ECS"
              }
            ],
            "deployment_maximum_percent": 200,
            "deployment_minimum_healthy_percent": 100,
            "desired_count": 1,
            "enable_ecs_managed_tags": false,
            "health_check_grace_period_seconds": 0,
            "iam_role": "aws-service-role",
            "id": "arn:aws:ecs:us-east-1:433223883348:service/grafana",
            "launch_type": "FARGATE",
            "load_balancer": [
              {
                "container_name": "grafana",
                "container_port": 3000,
                "elb_name": "",
                "target_group_arn": "arn:aws:elasticloadbalancing:us-east-1:433223883348:targetgroup/grafana-tg/05599b90821b6298"
              }
            ],
            "name": "grafana",
            "network_configuration": [
              {
                "assign_public_ip": false,
                "security_groups": [
                  "sg-0a1c9e2ab6b735af4"
                ],
                "subnets": [
                  "subnet-28fd4671",
                  "subnet-8ad27ca4"
                ]
              }
            ],
            "ordered_placement_strategy": [],
            "placement_constraints": [],
            "placement_strategy": [],
            "platform_version": "LATEST",
            "propagate_tags": "NONE",
            "scheduling_strategy": "REPLICA",
            "service_registries": [],
            "tags": null,
            "task_definition": "arn:aws:ecs:us-east-1:433223883348:task-definition/grafana_task_definition:15"
          },
          "private": "bnVsbA==",
          "dependencies": [
            "aws_ecs_cluster.grafana",
            "aws_ecs_task_definition.grafana",
            "aws_lb.grafana",
            "aws_lb_target_group.grafana",
            "aws_security_group.grafana_ecs"
          ]
        }
      ]
    },
    {
      "mode": "managed",
      "type": "aws_ecs_task_definition",
      "name": "grafana",
      "provider": "provider.aws",
      "instances": [
        {
          "schema_version": 1,
          "attributes": {
            "arn": "arn:aws:ecs:us-east-1:433223883348:task-definition/grafana_task_definition:15",
            "container_definitions": "[{\"cpu\":0,\"environment\":[],\"essential\":true,\"image\":\"ulikabbq/grafana:0.1\",\"logConfiguration\":{\"logDriver\":\"awslogs\",\"options\":{\"awslogs-group\":\"grafana\",\"awslogs-region\":\"us-east-1\",\"awslogs-stream-prefix\":\"grafana\"}},\"mountPoints\":[],\"name\":\"grafana\",\"portMappings\":[{\"containerPort\":3000,\"hostPort\":3000,\"protocol\":\"tcp\"}],\"volumesFrom\":[]}]",
            "cpu": "512",
            "execution_role_arn": "arn:aws:iam::433223883348:role/grafana-ecs-task-execution",
            "family": "grafana_task_definition",
            "id": "grafana_task_definition",
            "ipc_mode": null,
            "memory": "1024",
            "network_mode": "awsvpc",
            "pid_mode": null,
            "placement_constraints": [],
            "proxy_configuration": [],
            "requires_compatibilities": [
              "FARGATE"
            ],
            "revision": 15,
            "tags": {},
            "task_role_arn": "arn:aws:iam::433223883348:role/grafana-ecs-task",
            "volume": []
          },
          "private": "eyJzY2hlbWFfdmVyc2lvbiI6IjEifQ==",
          "dependencies": [
            "aws_cloudwatch_log_group.grafana",
            "aws_iam_role.grafana_ecs_task",
            "aws_iam_role.grafana_ecs_task_execution"
          ]
        }
      ]
    },
    {
      "mode": "managed",
      "type": "aws_iam_role",
      "name": "grafana_assume",
      "provider": "provider.aws",
      "instances": [
        {
          "schema_version": 0,
          "attributes": {
            "arn": "arn:aws:iam::433223883348:role/Grafana",
            "assume_role_policy": "{\"Version\":\"2012-10-17\",\"Statement\":[{\"Sid\":\"AllowTrustedAccountsToAssumeTheRole\",\"Effect\":\"Allow\",\"Principal\":{\"AWS\":\"arn:aws:iam::433223883348:root\"},\"Action\":\"sts:AssumeRole\"}]}",
            "create_date": "2019-11-30T04:22:19Z",
            "description": "",
            "force_detach_policies": false,
            "id": "Grafana",
            "max_session_duration": 3600,
            "name": "Grafana",
            "name_prefix": null,
            "path": "/",
            "permissions_boundary": null,
            "tags": {},
            "unique_id": "AROAWJXRH3JKK5K74OTRA"
          },
          "private": "bnVsbA=="
        }
      ]
    },
    {
      "mode": "managed",
      "type": "aws_iam_role",
      "name": "grafana_ecs_task",
      "provider": "provider.aws",
      "instances": [
        {
          "schema_version": 0,
          "attributes": {
            "arn": "arn:aws:iam::433223883348:role/grafana-ecs-task",
            "assume_role_policy": "{\"Version\":\"2012-10-17\",\"Statement\":[{\"Sid\":\"AllowECSTasksToAssumeRole\",\"Effect\":\"Allow\",\"Principal\":{\"Service\":\"ecs-tasks.amazonaws.com\"},\"Action\":\"sts:AssumeRole\"}]}",
            "create_date": "2019-11-29T06:11:46Z",
            "description": "",
            "force_detach_policies": false,
            "id": "grafana-ecs-task",
            "max_session_duration": 3600,
            "name": "grafana-ecs-task",
            "name_prefix": null,
            "path": "/",
            "permissions_boundary": null,
            "tags": {},
            "unique_id": "AROAWJXRH3JKIRF3C4GWF"
          },
          "private": "bnVsbA=="
        }
      ]
    },
    {
      "mode": "managed",
      "type": "aws_iam_role",
      "name": "grafana_ecs_task_execution",
      "provider": "provider.aws",
      "instances": [
        {
          "schema_version": 0,
          "attributes": {
            "arn": "arn:aws:iam::433223883348:role/grafana-ecs-task-execution",
            "assume_role_policy": "{\"Version\":\"2012-10-17\",\"Statement\":[{\"Sid\":\"AllowECSTasksToAssumeRole\",\"Effect\":\"Allow\",\"Principal\":{\"Service\":\"ecs-tasks.amazonaws.com\"},\"Action\":\"sts:AssumeRole\"}]}",
            "create_date": "2019-11-29T06:11:47Z",
            "description": "",
            "force_detach_policies": false,
            "id": "grafana-ecs-task-execution",
            "max_session_duration": 3600,
            "name": "grafana-ecs-task-execution",
            "name_prefix": null,
            "path": "/",
            "permissions_boundary": null,
            "tags": {},
            "unique_id": "AROAWJXRH3JKMBL56TI6A"
          },
          "private": "bnVsbA=="
        }
      ]
    },
    {
      "mode": "managed",
      "type": "aws_iam_role_policy",
      "name": "grafana_assume_role",
      "provider": "provider.aws",
      "instances": [
        {
          "schema_version": 0,
          "attributes": {
            "id": "Grafana:ReadOnlyAccessToCloudWatchAndEC2",
            "name": "ReadOnlyAccessToCloudWatchAndEC2",
            "name_prefix": null,
            "policy": "{\n  \"Version\": \"2012-10-17\",\n  \"Statement\": [\n    {\n      \"Sid\": \"AllowReadingMetricsFromCloudWatch\",\n      \"Effect\": \"Allow\",\n      \"Action\": [\n        \"cloudwatch:ListMetrics\",\n        \"cloudwatch:GetMetricStatistics\"\n      ],\n      \"Resource\": \"*\"\n    },\n    {\n      \"Sid\": \"AllowReadingTagsFromEC2\",\n      \"Effect\": \"Allow\",\n      \"Action\": [\n        \"ec2:DescribeTags\",\n        \"ec2:DescribeInstances\"\n      ],\n      \"Resource\": \"*\"\n    }\n  ]\n}",
            "role": "Grafana"
          },
          "private": "bnVsbA==",
          "dependencies": [
            "aws_iam_role.grafana_assume"
          ]
        }
      ]
    },
    {
      "mode": "managed",
      "type": "aws_iam_role_policy",
      "name": "grafana_ecs_task",
      "provider": "provider.aws",
      "instances": [
        {
          "schema_version": 0,
          "attributes": {
            "id": "grafana-ecs-task:grafana-ecs-task",
            "name": "grafana-ecs-task",
            "name_prefix": null,
            "policy": "{\n  \"Version\": \"2012-10-17\",\n  \"Statement\": [\n    {\n      \"Sid\": \"AllowServiceToAccessSecretsFromSSM\",\n      \"Effect\": \"Allow\",\n      \"Action\": \"ssm:GetParametersByPath\",\n      \"Resource\": \"arn:aws:ssm:us-east-1:433223883348:parameter/grafana/*\"\n    },\n    {\n      \"Sid\": \"AllowAccessToKMSForDecryptingSSMParameters\",\n      \"Effect\": \"Allow\",\n      \"Action\": \"kms:Decrypt\",\n      \"Resource\": \"arn:aws:kms:us-east-1:433223883348:alias/aws/ssm\"\n    },\n    {\n      \"Sid\": \"AllowAccessToAssumeGrafanaRole\",\n      \"Effect\": \"Allow\",\n      \"Action\": \"sts:AssumeRole\",\n      \"Resource\": \"arn:aws:iam::433223883348:role/Grafana\"\n    },\n    {\n      \"Sid\": \"DenyEverythingElse\",\n      \"Effect\": \"Deny\",\n      \"NotAction\": [\n        \"sts:AssumeRole\",\n        \"ssm:GetParametersByPath\",\n        \"kms:Decrypt\"\n      ],\n      \"Resource\": \"*\"\n    }\n  ]\n}",
            "role": "grafana-ecs-task"
          },
          "private": "bnVsbA==",
          "dependencies": [
            "aws_iam_role.grafana_ecs_task"
          ]
        }
      ]
    },
    {
      "mode": "managed",
      "type": "aws_iam_role_policy",
      "name": "grafana_ecs_task_execution",
      "provider": "provider.aws",
      "instances": [
        {
          "schema_version": 0,
          "attributes": {
            "id": "grafana-ecs-task-execution:grafana-ecs-task-execution",
            "name": "grafana-ecs-task-execution",
            "name_prefix": null,
            "policy": "{\n  \"Version\": \"2012-10-17\",\n  \"Statement\": [\n    {\n      \"Sid\": \"AllowECSToWriteLogsToCloudWatchLogs\",\n      \"Effect\": \"Allow\",\n      \"Action\": [\n        \"logs:PutLogEvents\",\n        \"logs:CreateLogStream\"\n      ],\n      \"Resource\": \"arn:aws:logs:us-east-1:433223883348:log-group:grafana:*\"\n    }\n  ]\n}",
            "role": "grafana-ecs-task-execution"
          },
          "private": "bnVsbA==",
          "dependencies": [
            "aws_cloudwatch_log_group.grafana",
            "aws_iam_role.grafana_ecs_task_execution"
          ]
        }
      ]
    },
    {
      "mode": "managed",
      "type": "aws_lb",
      "name": "grafana",
      "provider": "provider.aws",
      "instances": [
        {
          "schema_version": 0,
          "attributes": {
            "access_logs": [
              {
                "bucket": "",
                "enabled": false,
                "prefix": ""
              }
            ],
            "arn": "arn:aws:elasticloadbalancing:us-east-1:433223883348:loadbalancer/app/grafana/f1af806a42610c3b",
            "arn_suffix": "app/grafana/f1af806a42610c3b",
            "dns_name": "grafana-1778300460.us-east-1.elb.amazonaws.com",
            "enable_cross_zone_load_balancing": null,
            "enable_deletion_protection": false,
            "enable_http2": true,
            "id": "arn:aws:elasticloadbalancing:us-east-1:433223883348:loadbalancer/app/grafana/f1af806a42610c3b",
            "idle_timeout": 3600,
            "internal": false,
            "ip_address_type": "ipv4",
            "load_balancer_type": "application",
            "name": "grafana",
            "name_prefix": null,
            "security_groups": [
              "sg-002dcdf6131a94a73"
            ],
            "subnet_mapping": [
              {
                "allocation_id": "",
                "subnet_id": "subnet-32089345"
              },
              {
                "allocation_id": "",
                "subnet_id": "subnet-6ef25245"
              }
            ],
            "subnets": [
              "subnet-32089345",
              "subnet-6ef25245"
            ],
            "tags": {
              "Description": "Application Load Balancer for Grafana",
              "ManagedBy": "Terraform",
              "Name": "grafana"
            },
            "timeouts": null,
            "vpc_id": "vpc-04e9a561",
            "zone_id": "Z35SXDOTRQ7X7K"
          },
          "private": "eyJlMmJmYjczMC1lY2FhLTExZTYtOGY4OC0zNDM2M2JjN2M0YzAiOnsiY3JlYXRlIjo2MDAwMDAwMDAwMDAsImRlbGV0ZSI6NjAwMDAwMDAwMDAwLCJ1cGRhdGUiOjYwMDAwMDAwMDAwMH19",
          "dependencies": [
            "aws_security_group.grafana_alb"
          ]
        }
      ]
    },
    {
      "mode": "managed",
      "type": "aws_lb_listener",
      "name": "front_end_http",
      "provider": "provider.aws",
      "instances": [
        {
          "schema_version": 0,
          "attributes": {
            "arn": "arn:aws:elasticloadbalancing:us-east-1:433223883348:listener/app/grafana/f1af806a42610c3b/22519e9c3a4dd91b",
            "certificate_arn": null,
            "default_action": [
              {
                "authenticate_cognito": [],
                "authenticate_oidc": [],
                "fixed_response": [],
                "order": 1,
                "redirect": [],
                "target_group_arn": "arn:aws:elasticloadbalancing:us-east-1:433223883348:targetgroup/grafana-tg/05599b90821b6298",
                "type": "forward"
              }
            ],
            "id": "arn:aws:elasticloadbalancing:us-east-1:433223883348:listener/app/grafana/f1af806a42610c3b/22519e9c3a4dd91b",
            "load_balancer_arn": "arn:aws:elasticloadbalancing:us-east-1:433223883348:loadbalancer/app/grafana/f1af806a42610c3b",
            "port": 80,
            "protocol": "HTTP",
            "ssl_policy": "",
            "timeouts": null
          },
          "private": "eyJlMmJmYjczMC1lY2FhLTExZTYtOGY4OC0zNDM2M2JjN2M0YzAiOnsicmVhZCI6NjAwMDAwMDAwMDAwfX0=",
          "dependencies": [
            "aws_lb.grafana",
            "aws_lb_target_group.grafana"
          ]
        }
      ]
    },
    {
      "mode": "managed",
      "type": "aws_lb_target_group",
      "name": "grafana",
      "provider": "provider.aws",
      "instances": [
        {
          "schema_version": 0,
          "attributes": {
            "arn": "arn:aws:elasticloadbalancing:us-east-1:433223883348:targetgroup/grafana-tg/05599b90821b6298",
            "arn_suffix": "targetgroup/grafana-tg/05599b90821b6298",
            "deregistration_delay": 30,
            "health_check": [
              {
                "enabled": true,
                "healthy_threshold": 2,
                "interval": 10,
                "matcher": "200",
                "path": "/login",
                "port": "traffic-port",
                "protocol": "HTTP",
                "timeout": 5,
                "unhealthy_threshold": 3
              }
            ],
            "id": "arn:aws:elasticloadbalancing:us-east-1:433223883348:targetgroup/grafana-tg/05599b90821b6298",
            "lambda_multi_value_headers_enabled": false,
            "name": "grafana-tg",
            "name_prefix": null,
            "port": 3000,
            "protocol": "HTTP",
            "proxy_protocol_v2": false,
            "slow_start": 0,
            "stickiness": [
              {
                "cookie_duration": 86400,
                "enabled": false,
                "type": "lb_cookie"
              }
            ],
            "tags": {
              "Description": "Target Group for Grafana",
              "ManagedBy": "Terraform",
              "Name": "grafana-tg"
            },
            "target_type": "ip",
            "vpc_id": "vpc-04e9a561"
          },
          "private": "bnVsbA=="
        }
      ]
    },
    {
      "mode": "managed",
      "type": "aws_rds_cluster",
      "name": "grafana",
      "provider": "provider.aws",
      "instances": [
        {
          "schema_version": 0,
          "attributes": {
            "apply_immediately": null,
            "arn": "arn:aws:rds:us-east-1:433223883348:cluster:tf-20191129062305676900000002",
            "availability_zones": [
              "us-east-1a",
              "us-east-1b",
              "us-east-1e"
            ],
            "backtrack_window": 0,
            "backup_retention_period": 1,
            "cluster_identifier": "tf-20191129062305676900000002",
            "cluster_identifier_prefix": null,
            "cluster_members": [
              "grafana-0"
            ],
            "cluster_resource_id": "cluster-HV76UJV3OKVCJMPRV6POZAAJZQ",
            "copy_tags_to_snapshot": false,
            "database_name": "grafana",
            "db_cluster_parameter_group_name": "default.aurora5.6",
            "db_subnet_group_name": "grafana-aurora56",
            "deletion_protection": false,
            "enabled_cloudwatch_logs_exports": [],
            "endpoint": "tf-20191129062305676900000002.cluster-cyaqbflret0b.us-east-1.rds.amazonaws.com",
            "engine": "aurora",
            "engine_mode": "provisioned",
            "engine_version": "5.6.10a",
            "final_snapshot_identifier": null,
            "global_cluster_identifier": "",
            "hosted_zone_id": "Z2R2ITUGPM61AM",
            "iam_database_authentication_enabled": false,
            "iam_roles": [],
            "id": "tf-20191129062305676900000002",
            "kms_key_id": "arn:aws:kms:us-east-1:433223883348:key/8862d298-e6dd-4af2-9e6f-2b78b734da8c",
            "master_password": "K8syl5JU85BR",
            "master_username": "root",
            "port": 3306,
            "preferred_backup_window": "03:50-04:20",
            "preferred_maintenance_window": "mon:07:08-mon:07:38",
            "reader_endpoint": "tf-20191129062305676900000002.cluster-ro-cyaqbflret0b.us-east-1.rds.amazonaws.com",
            "replication_source_identifier": "",
            "s3_import": [],
            "scaling_configuration": [],
            "skip_final_snapshot": true,
            "snapshot_identifier": null,
            "source_region": null,
            "storage_encrypted": true,
            "tags": {
              "Description": "RDS Aurora cluster for the grafana environment",
              "ManagedBy": "Terraform",
              "Name": "grafana"
            },
            "timeouts": null,
            "vpc_security_group_ids": [
              "sg-04bd5eff1116c9da4"
            ]
          },
          "private": "eyJlMmJmYjczMC1lY2FhLTExZTYtOGY4OC0zNDM2M2JjN2M0YzAiOnsiY3JlYXRlIjo3MjAwMDAwMDAwMDAwLCJkZWxldGUiOjcyMDAwMDAwMDAwMDAsInVwZGF0ZSI6NzIwMDAwMDAwMDAwMH19",
          "dependencies": [
            "aws_db_subnet_group.grafana",
            "aws_security_group.grafana_alb",
            "aws_security_group.grafana_ecs",
            "aws_security_group.rds"
          ]
        }
      ]
    },
    {
      "mode": "managed",
      "type": "aws_rds_cluster_instance",
      "name": "grafana",
      "each": "list",
      "provider": "provider.aws",
      "instances": [
        {
          "index_key": 0,
          "schema_version": 0,
          "attributes": {
            "apply_immediately": null,
            "arn": "arn:aws:rds:us-east-1:433223883348:db:grafana-0",
            "auto_minor_version_upgrade": true,
            "availability_zone": "us-east-1a",
            "cluster_identifier": "tf-20191129062305676900000002",
            "copy_tags_to_snapshot": false,
            "db_parameter_group_name": "default.aurora5.6",
            "db_subnet_group_name": "grafana-aurora56",
            "dbi_resource_id": "db-Y7O4LQ6AQLNDPGO6H6WVBKKSRU",
            "endpoint": "grafana-0.cyaqbflret0b.us-east-1.rds.amazonaws.com",
            "engine": "aurora",
            "engine_version": "5.6.10a",
            "id": "grafana-0",
            "identifier": "grafana-0",
            "identifier_prefix": null,
            "instance_class": "db.t2.small",
            "kms_key_id": "arn:aws:kms:us-east-1:433223883348:key/8862d298-e6dd-4af2-9e6f-2b78b734da8c",
            "monitoring_interval": 0,
            "monitoring_role_arn": "",
            "performance_insights_enabled": false,
            "performance_insights_kms_key_id": "",
            "port": 3306,
            "preferred_backup_window": "03:50-04:20",
            "preferred_maintenance_window": "mon:04:53-mon:05:23",
            "promotion_tier": 0,
            "publicly_accessible": false,
            "storage_encrypted": true,
            "tags": {
              "Description": "RDS Aurora cluster for the grafana environment",
              "ManagedBy": "Terraform",
              "Name": "grafana-aurora-instance"
            },
            "timeouts": null,
            "writer": true
          },
          "private": "eyJlMmJmYjczMC1lY2FhLTExZTYtOGY4OC0zNDM2M2JjN2M0YzAiOnsiY3JlYXRlIjo1NDAwMDAwMDAwMDAwLCJkZWxldGUiOjU0MDAwMDAwMDAwMDAsInVwZGF0ZSI6NTQwMDAwMDAwMDAwMH19",
          "dependencies": [
            "aws_db_subnet_group.grafana",
            "aws_rds_cluster.grafana",
            "aws_security_group.grafana_alb",
            "aws_security_group.grafana_ecs",
            "aws_security_group.rds"
          ]
        }
      ]
    },
    {
      "mode": "managed",
      "type": "aws_route53_record",
      "name": "grafana",
      "provider": "provider.aws",
      "instances": [
        {
          "schema_version": 2,
          "attributes": {
            "alias": [
              {
                "evaluate_target_health": false,
                "name": "grafana-1778300460.us-east-1.elb.amazonaws.com",
                "zone_id": "Z35SXDOTRQ7X7K"
              }
            ],
            "allow_overwrite": null,
            "failover_routing_policy": [],
            "fqdn": "grafana.ulikabbq.com",
            "geolocation_routing_policy": [],
            "health_check_id": "",
            "id": "ZZ7C1JZLM75QT_grafana_A",
            "latency_routing_policy": [],
            "multivalue_answer_routing_policy": null,
            "name": "grafana",
            "records": [],
            "set_identifier": "",
            "ttl": 0,
            "type": "A",
            "weighted_routing_policy": [],
            "zone_id": "ZZ7C1JZLM75QT"
          },
          "private": "eyJzY2hlbWFfdmVyc2lvbiI6IjIifQ==",
          "dependencies": [
            "aws_lb.grafana"
          ]
        }
      ]
    },
    {
      "mode": "managed",
      "type": "aws_security_group",
      "name": "grafana_alb",
      "provider": "provider.aws",
      "instances": [
        {
          "schema_version": 1,
          "attributes": {
            "arn": "arn:aws:ec2:us-east-1:433223883348:security-group/sg-002dcdf6131a94a73",
            "description": "the alb security group that allows port 80/443 from whitelisted ips",
            "egress": [
              {
                "cidr_blocks": [
                  "0.0.0.0/0"
                ],
                "description": "",
                "from_port": 0,
                "ipv6_cidr_blocks": [],
                "prefix_list_ids": [],
                "protocol": "-1",
                "security_groups": [],
                "self": false,
                "to_port": 0
              }
            ],
            "id": "sg-002dcdf6131a94a73",
            "ingress": [
              {
                "cidr_blocks": [
                  "0.0.0.0/0"
                ],
                "description": "",
                "from_port": 443,
                "ipv6_cidr_blocks": [],
                "prefix_list_ids": [],
                "protocol": "tcp",
                "security_groups": [],
                "self": false,
                "to_port": 443
              },
              {
                "cidr_blocks": [
                  "0.0.0.0/0"
                ],
                "description": "",
                "from_port": 80,
                "ipv6_cidr_blocks": [],
                "prefix_list_ids": [],
                "protocol": "tcp",
                "security_groups": [],
                "self": false,
                "to_port": 80
              }
            ],
            "name": "grafana-alb",
            "name_prefix": null,
            "owner_id": "433223883348",
            "revoke_rules_on_delete": false,
            "tags": {},
            "timeouts": null,
            "vpc_id": "vpc-04e9a561"
          },
          "private": "eyJlMmJmYjczMC1lY2FhLTExZTYtOGY4OC0zNDM2M2JjN2M0YzAiOnsiY3JlYXRlIjo2MDAwMDAwMDAwMDAsImRlbGV0ZSI6NjAwMDAwMDAwMDAwfSwic2NoZW1hX3ZlcnNpb24iOiIxIn0="
        }
      ]
    },
    {
      "mode": "managed",
      "type": "aws_security_group",
      "name": "grafana_ecs",
      "provider": "provider.aws",
      "instances": [
        {
          "schema_version": 1,
          "attributes": {
            "arn": "arn:aws:ec2:us-east-1:433223883348:security-group/sg-0a1c9e2ab6b735af4",
            "description": "ingress to the grafana fargate task from the alb",
            "egress": [
              {
                "cidr_blocks": [
                  "0.0.0.0/0"
                ],
                "description": "",
                "from_port": 0,
                "ipv6_cidr_blocks": [],
                "prefix_list_ids": [],
                "protocol": "-1",
                "security_groups": [],
                "self": false,
                "to_port": 0
              }
            ],
            "id": "sg-0a1c9e2ab6b735af4",
            "ingress": [
              {
                "cidr_blocks": [],
                "description": "",
                "from_port": 3000,
                "ipv6_cidr_blocks": [],
                "prefix_list_ids": [],
                "protocol": "tcp",
                "security_groups": [
                  "sg-002dcdf6131a94a73"
                ],
                "self": false,
                "to_port": 3000
              }
            ],
            "name": "grafana-ecs",
            "name_prefix": null,
            "owner_id": "433223883348",
            "revoke_rules_on_delete": false,
            "tags": {},
            "timeouts": null,
            "vpc_id": "vpc-04e9a561"
          },
          "private": "eyJlMmJmYjczMC1lY2FhLTExZTYtOGY4OC0zNDM2M2JjN2M0YzAiOnsiY3JlYXRlIjo2MDAwMDAwMDAwMDAsImRlbGV0ZSI6NjAwMDAwMDAwMDAwfSwic2NoZW1hX3ZlcnNpb24iOiIxIn0=",
          "dependencies": [
            "aws_security_group.grafana_alb"
          ]
        }
      ]
    },
    {
      "mode": "managed",
      "type": "aws_security_group",
      "name": "rds",
      "provider": "provider.aws",
      "instances": [
        {
          "schema_version": 1,
          "attributes": {
            "arn": "arn:aws:ec2:us-east-1:433223883348:security-group/sg-04bd5eff1116c9da4",
            "description": "RDS Aurora access from internal security groups",
            "egress": [],
            "id": "sg-04bd5eff1116c9da4",
            "ingress": [
              {
                "cidr_blocks": [],
                "description": "Allow 3306 from defined security groups",
                "from_port": 3306,
                "ipv6_cidr_blocks": [],
                "prefix_list_ids": [],
                "protocol": "tcp",
                "security_groups": [
                  "sg-0a1c9e2ab6b735af4"
                ],
                "self": false,
                "to_port": 3306
              }
            ],
            "name": "grafana-aurora5620191129062302637600000001",
            "name_prefix": "grafana-aurora56",
            "owner_id": "433223883348",
            "revoke_rules_on_delete": false,
            "tags": {
              "Description": "RDS Aurora access from internal security groups",
              "ManagedBy": "Terraform",
              "Name": "grafana-aurora56"
            },
            "timeouts": null,
            "vpc_id": "vpc-04e9a561"
          },
          "private": "eyJlMmJmYjczMC1lY2FhLTExZTYtOGY4OC0zNDM2M2JjN2M0YzAiOnsiY3JlYXRlIjo2MDAwMDAwMDAwMDAsImRlbGV0ZSI6NjAwMDAwMDAwMDAwfSwic2NoZW1hX3ZlcnNpb24iOiIxIn0=",
          "dependencies": [
            "aws_security_group.grafana_alb",
            "aws_security_group.grafana_ecs"
          ]
        }
      ]
    },
    {
      "mode": "managed",
      "type": "aws_ssm_parameter",
      "name": "GF_DATABASE_HOST",
      "provider": "provider.aws",
      "instances": [
        {
          "schema_version": 0,
          "attributes": {
            "allowed_pattern": "",
            "arn": "arn:aws:ssm:us-east-1:433223883348:parameter/grafana/GF_DATABASE_HOST",
            "description": "",
            "id": "/grafana/GF_DATABASE_HOST",
            "key_id": "",
            "name": "/grafana/GF_DATABASE_HOST",
            "overwrite": null,
            "tags": {},
            "tier": "Standard",
            "type": "String",
            "value": "tf-20191129062305676900000002.cluster-cyaqbflret0b.us-east-1.rds.amazonaws.com:3306",
            "version": 1
          },
          "private": "bnVsbA==",
          "dependencies": [
            "aws_db_subnet_group.grafana",
            "aws_rds_cluster.grafana",
            "aws_security_group.grafana_alb",
            "aws_security_group.grafana_ecs",
            "aws_security_group.rds"
          ]
        }
      ]
    },
    {
      "mode": "managed",
      "type": "aws_ssm_parameter",
      "name": "GF_DATABASE_TYPE",
      "provider": "provider.aws",
      "instances": [
        {
          "schema_version": 0,
          "attributes": {
            "allowed_pattern": "",
            "arn": "arn:aws:ssm:us-east-1:433223883348:parameter/grafana/GF_DATABASE_TYPE",
            "description": "",
            "id": "/grafana/GF_DATABASE_TYPE",
            "key_id": "",
            "name": "/grafana/GF_DATABASE_TYPE",
            "overwrite": null,
            "tags": {},
            "tier": "Standard",
            "type": "String",
            "value": "mysql",
            "version": 1
          },
          "private": "bnVsbA=="
        }
      ]
    },
    {
      "mode": "managed",
      "type": "aws_ssm_parameter",
      "name": "GF_DATABASE_USER",
      "provider": "provider.aws",
      "instances": [
        {
          "schema_version": 0,
          "attributes": {
            "allowed_pattern": "",
            "arn": "arn:aws:ssm:us-east-1:433223883348:parameter/grafana/GF_DATABASE_USER",
            "description": "",
            "id": "/grafana/GF_DATABASE_USER",
            "key_id": "",
            "name": "/grafana/GF_DATABASE_USER",
            "overwrite": null,
            "tags": {},
            "tier": "Standard",
            "type": "String",
            "value": "root",
            "version": 1
          },
          "private": "bnVsbA=="
        }
      ]
    },
    {
      "mode": "managed",
      "type": "aws_ssm_parameter",
      "name": "GF_INSTALL_PLUGINS",
      "provider": "provider.aws",
      "instances": [
        {
          "schema_version": 0,
          "attributes": {
            "allowed_pattern": "",
            "arn": "arn:aws:ssm:us-east-1:433223883348:parameter/grafana/GF_INSTALL_PLUGINS",
            "description": "",
            "id": "/grafana/GF_INSTALL_PLUGINS",
            "key_id": "",
            "name": "/grafana/GF_INSTALL_PLUGINS",
            "overwrite": null,
            "tags": {},
            "tier": "Standard",
            "type": "String",
            "value": "grafana-worldmap-panel,grafana-clock-panel,jdbranham-diagram-panel,natel-plotly-panel",
            "version": 1
          },
          "private": "bnVsbA=="
        }
      ]
    },
    {
      "mode": "managed",
      "type": "aws_ssm_parameter",
      "name": "GF_LOG_LEVEL",
      "provider": "provider.aws",
      "instances": [
        {
          "schema_version": 0,
          "attributes": {
            "allowed_pattern": "",
            "arn": "arn:aws:ssm:us-east-1:433223883348:parameter/grafana/GF_LOG_LEVEL",
            "description": "",
            "id": "/grafana/GF_LOG_LEVEL",
            "key_id": "",
            "name": "/grafana/GF_LOG_LEVEL",
            "overwrite": null,
            "tags": {},
            "tier": "Standard",
            "type": "String",
            "value": "INFO",
            "version": 1
          },
          "private": "bnVsbA=="
        }
      ]
    },
    {
      "mode": "managed",
      "type": "aws_ssm_parameter",
      "name": "GF_SERVER_ROOT_URL",
      "provider": "provider.aws",
      "instances": [
        {
          "schema_version": 0,
          "attributes": {
            "allowed_pattern": "",
            "arn": "arn:aws:ssm:us-east-1:433223883348:parameter/grafana/GF_SERVER_ROOT_URL",
            "description": "",
            "id": "/grafana/GF_SERVER_ROOT_URL",
            "key_id": "",
            "name": "/grafana/GF_SERVER_ROOT_URL",
            "overwrite": null,
            "tags": {},
            "tier": "Standard",
            "type": "String",
            "value": "https://grafana.ulikabbq.com",
            "version": 2
          },
          "private": "bnVsbA=="
        }
      ]
    }
  ]
}
